
Microsoft Visual Studio Solution File, Format Version 12.00
# Visual Studio Version 17
VisualStudioVersion = 17.9.34701.34
MinimumVisualStudioVersion = 10.0.40219.1
Project("{54A90642-561A-4BB1-A94E-469ADEE60C69}") = "AngularProject1", "AngularProject1\AngularProject1.esproj", "{8C25C6F5-51D2-4215-BBC4-BA493CB3A14B}"
EndProject
Global
	GlobalSection(SolutionConfigurationPlatforms) = preSolution
		Debug|Any CPU = Debug|Any CPU
		Release|Any CPU = Release|Any CPU
	EndGlobalSection
	GlobalSection(ProjectConfigurationPlatforms) = postSolution
		{8C25C6F5-51D2-4215-BBC4-BA493CB3A14B}.Debug|Any CPU.ActiveCfg = Debug|Any CPU
		{8C25C6F5-51D2-4215-BBC4-BA493CB3A14B}.Debug|Any CPU.Build.0 = Debug|Any CPU
		{8C25C6F5-51D2-4215-BBC4-BA493CB3A14B}.Debug|Any CPU.Deploy.0 = Debug|Any CPU
		{8C25C6F5-51D2-4215-BBC4-BA493CB3A14B}.Release|Any CPU.ActiveCfg = Release|Any CPU
		{8C25C6F5-51D2-4215-BBC4-BA493CB3A14B}.Release|Any CPU.Build.0 = Release|Any CPU
		{8C25C6F5-51D2-4215-BBC4-BA493CB3A14B}.Release|Any CPU.Deploy.0 = Release|Any CPU
	EndGlobalSection
	GlobalSection(SolutionProperties) = preSolution
		HideSolutionNode = FALSE
	EndGlobalSection
	GlobalSection(ExtensibilityGlobals) = postSolution
		SolutionGuid = {A6273065-43B9-47A4-8D90-9E6411A35B62}
	EndGlobalSection
EndGlobal
